
Microsoft Visual Studio Solution File, Format Version 12.00
# Visual Studio 2013
VisualStudioVersion = 12.0.40629.0
MinimumVisualStudioVersion = 10.0.40219.1
Project("{FAE04EC0-301F-11D3-BF4B-00C04F79EFBC}") = "tattoo_parlor", "tattoo_parlor\tattoo_parlor.csproj", "{908B04BB-3005-4E91-8AD1-82B67397DB44}"
EndProject
Global
	GlobalSection(SolutionConfigurationPlatforms) = preSolution
		Debug|Any CPU = Debug|Any CPU
		Release|Any CPU = Release|Any CPU
	EndGlobalSection
	GlobalSection(ProjectConfigurationPlatforms) = postSolution
		{908B04BB-3005-4E91-8AD1-82B67397DB44}.Debug|Any CPU.ActiveCfg = Debug|Any CPU
		{908B04BB-3005-4E91-8AD1-82B67397DB44}.Debug|Any CPU.Build.0 = Debug|Any CPU
		{908B04BB-3005-4E91-8AD1-82B67397DB44}.Release|Any CPU.ActiveCfg = Release|Any CPU
		{908B04BB-3005-4E91-8AD1-82B67397DB44}.Release|Any CPU.Build.0 = Release|Any CPU
	EndGlobalSection
	GlobalSection(SolutionProperties) = preSolution
		HideSolutionNode = FALSE
	EndGlobalSection
EndGlobal
